
Microsoft Visual Studio Solution File, Format Version 12.00
# Visual Studio 15
VisualStudioVersion = 15.0.28307.1000
MinimumVisualStudioVersion = 10.0.40219.1
Project("{FAE04EC0-301F-11D3-BF4B-00C04F79EFBC}") = "ProAppVisibilityModule", "ProAppVisibilityModule\ProAppVisibilityModule.csproj", "{4DE1A8A8-BCA3-40C7-8929-041023F2D3E6}"
EndProject
Project("{FAE04EC0-301F-11D3-BF4B-00C04F79EFBC}") = "ProAppVisibilityModule.Tests", "ProAppVisibilityModule.Tests\ProAppVisibilityModule.Tests.csproj", "{B3882DC4-BC2C-4BD7-9802-BDA76954B067}"
	ProjectSection(ProjectDependencies) = postProject
		{4DE1A8A8-BCA3-40C7-8929-041023F2D3E6} = {4DE1A8A8-BCA3-40C7-8929-041023F2D3E6}
	EndProjectSection
EndProject
Project("{FAE04EC0-301F-11D3-BF4B-00C04F79EFBC}") = "ProAppCoordConversionModule", "..\..\..\coordinate-conversion-addin-dotnet\source\CoordinateConversion\ProAppCoordConversionModule\ProAppCoordConversionModule.csproj", "{D91D391E-03A3-4376-8BBB-EAF6F0DA1EBF}"
EndProject
Global
	GlobalSection(SolutionConfigurationPlatforms) = preSolution
		Debug|Any CPU = Debug|Any CPU
		Release|Any CPU = Release|Any CPU
	EndGlobalSection
	GlobalSection(ProjectConfigurationPlatforms) = postSolution
		{4DE1A8A8-BCA3-40C7-8929-041023F2D3E6}.Debug|Any CPU.ActiveCfg = Debug|Any CPU
		{4DE1A8A8-BCA3-40C7-8929-041023F2D3E6}.Debug|Any CPU.Build.0 = Debug|Any CPU
		{4DE1A8A8-BCA3-40C7-8929-041023F2D3E6}.Release|Any CPU.ActiveCfg = Release|Any CPU
		{4DE1A8A8-BCA3-40C7-8929-041023F2D3E6}.Release|Any CPU.Build.0 = Release|Any CPU
		{B3882DC4-BC2C-4BD7-9802-BDA76954B067}.Debug|Any CPU.ActiveCfg = Debug|Any CPU
		{B3882DC4-BC2C-4BD7-9802-BDA76954B067}.Debug|Any CPU.Build.0 = Debug|Any CPU
		{B3882DC4-BC2C-4BD7-9802-BDA76954B067}.Release|Any CPU.ActiveCfg = Release|Any CPU
		{B3882DC4-BC2C-4BD7-9802-BDA76954B067}.Release|Any CPU.Build.0 = Release|Any CPU
		{D91D391E-03A3-4376-8BBB-EAF6F0DA1EBF}.Debug|Any CPU.ActiveCfg = Debug|Any CPU
		{D91D391E-03A3-4376-8BBB-EAF6F0DA1EBF}.Debug|Any CPU.Build.0 = Debug|Any CPU
		{D91D391E-03A3-4376-8BBB-EAF6F0DA1EBF}.Release|Any CPU.ActiveCfg = Release|Any CPU
		{D91D391E-03A3-4376-8BBB-EAF6F0DA1EBF}.Release|Any CPU.Build.0 = Release|Any CPU
	EndGlobalSection
	GlobalSection(SolutionProperties) = preSolution
		HideSolutionNode = FALSE
	EndGlobalSection
	GlobalSection(ExtensibilityGlobals) = postSolution
		SolutionGuid = {C8A25A20-0F2B-4641-AD99-B1671606CBCA}
	EndGlobalSection
EndGlobal
