
Microsoft Visual Studio Solution File, Format Version 12.00
# Visual Studio 2015
VisualStudioVersion = 14.0.25123.0
MinimumVisualStudioVersion = 10.0.40219.1
Project("{FAE04EC0-301F-11D3-BF4B-00C04F79EFBC}") = "ArcMapAddinVisibility", "ArcMapAddinVisibility\ArcMapAddinVisibility.csproj", "{C37767BB-18E6-4743-A5EC-1D7F2B38F487}"
EndProject
Project("{FAE04EC0-301F-11D3-BF4B-00C04F79EFBC}") = "VisibilityLibrary", "VisibilityLibrary\VisibilityLibrary.csproj", "{D743CD02-174D-44CB-AE88-93C01D21F89E}"
EndProject
Project("{FAE04EC0-301F-11D3-BF4B-00C04F79EFBC}") = "ProAppVisibilityModule", "ProAppVisibilityModule\ProAppVisibilityModule.csproj", "{4DE1A8A8-BCA3-40C7-8929-041023F2D3E6}"
EndProject
Project("{FAE04EC0-301F-11D3-BF4B-00C04F79EFBC}") = "ArcMapAddinVisibility.Tests", "ArcMapAddinVisibility.Tests\ArcMapAddinVisibility.Tests.csproj", "{62C15F2D-AA25-43AB-B1DB-7B248276BC24}"
	ProjectSection(ProjectDependencies) = postProject
		{C37767BB-18E6-4743-A5EC-1D7F2B38F487} = {C37767BB-18E6-4743-A5EC-1D7F2B38F487}
	EndProjectSection
EndProject
Project("{FAE04EC0-301F-11D3-BF4B-00C04F79EFBC}") = "ProAppVisibilityModule.Tests", "ProAppVisibilityModule.Tests\ProAppVisibilityModule.Tests.csproj", "{B3882DC4-BC2C-4BD7-9802-BDA76954B067}"
	ProjectSection(ProjectDependencies) = postProject
		{4DE1A8A8-BCA3-40C7-8929-041023F2D3E6} = {4DE1A8A8-BCA3-40C7-8929-041023F2D3E6}
	EndProjectSection
EndProject
Global
	GlobalSection(SolutionConfigurationPlatforms) = preSolution
		Debug|Any CPU = Debug|Any CPU
		Release|Any CPU = Release|Any CPU
	EndGlobalSection
	GlobalSection(ProjectConfigurationPlatforms) = postSolution
		{C37767BB-18E6-4743-A5EC-1D7F2B38F487}.Debug|Any CPU.ActiveCfg = Debug|Any CPU
		{C37767BB-18E6-4743-A5EC-1D7F2B38F487}.Debug|Any CPU.Build.0 = Debug|Any CPU
		{C37767BB-18E6-4743-A5EC-1D7F2B38F487}.Release|Any CPU.ActiveCfg = Release|Any CPU
		{C37767BB-18E6-4743-A5EC-1D7F2B38F487}.Release|Any CPU.Build.0 = Release|Any CPU
		{D743CD02-174D-44CB-AE88-93C01D21F89E}.Debug|Any CPU.ActiveCfg = Debug|Any CPU
		{D743CD02-174D-44CB-AE88-93C01D21F89E}.Debug|Any CPU.Build.0 = Debug|Any CPU
		{D743CD02-174D-44CB-AE88-93C01D21F89E}.Release|Any CPU.ActiveCfg = Release|Any CPU
		{D743CD02-174D-44CB-AE88-93C01D21F89E}.Release|Any CPU.Build.0 = Release|Any CPU
		{4DE1A8A8-BCA3-40C7-8929-041023F2D3E6}.Debug|Any CPU.ActiveCfg = Debug|Any CPU
		{4DE1A8A8-BCA3-40C7-8929-041023F2D3E6}.Debug|Any CPU.Build.0 = Debug|Any CPU
		{4DE1A8A8-BCA3-40C7-8929-041023F2D3E6}.Release|Any CPU.ActiveCfg = Release|Any CPU
		{4DE1A8A8-BCA3-40C7-8929-041023F2D3E6}.Release|Any CPU.Build.0 = Release|Any CPU
		{62C15F2D-AA25-43AB-B1DB-7B248276BC24}.Debug|Any CPU.ActiveCfg = Debug|Any CPU
		{62C15F2D-AA25-43AB-B1DB-7B248276BC24}.Debug|Any CPU.Build.0 = Debug|Any CPU
		{62C15F2D-AA25-43AB-B1DB-7B248276BC24}.Release|Any CPU.ActiveCfg = Release|Any CPU
		{62C15F2D-AA25-43AB-B1DB-7B248276BC24}.Release|Any CPU.Build.0 = Release|Any CPU
		{B3882DC4-BC2C-4BD7-9802-BDA76954B067}.Debug|Any CPU.ActiveCfg = Debug|Any CPU
		{B3882DC4-BC2C-4BD7-9802-BDA76954B067}.Debug|Any CPU.Build.0 = Debug|Any CPU
		{B3882DC4-BC2C-4BD7-9802-BDA76954B067}.Release|Any CPU.ActiveCfg = Release|Any CPU
		{B3882DC4-BC2C-4BD7-9802-BDA76954B067}.Release|Any CPU.Build.0 = Release|Any CPU
	EndGlobalSection
	GlobalSection(SolutionProperties) = preSolution
		HideSolutionNode = FALSE
	EndGlobalSection
EndGlobal
