
Microsoft Visual Studio Solution File, Format Version 12.00
# Visual Studio 2013
VisualStudioVersion = 12.0.40629.0
MinimumVisualStudioVersion = 10.0.40219.1
Project("{FAE04EC0-301F-11D3-BF4B-00C04F79EFBC}") = "ArcMapAddinVisibility", "ArcMapAddinVisibility\ArcMapAddinVisibility.csproj", "{C37767BB-18E6-4743-A5EC-1D7F2B38F487}"
EndProject
Project("{FAE04EC0-301F-11D3-BF4B-00C04F79EFBC}") = "VisibilityLibrary", "VisibilityLibrary\VisibilityLibrary.csproj", "{D743CD02-174D-44CB-AE88-93C01D21F89E}"
EndProject
Project("{FAE04EC0-301F-11D3-BF4B-00C04F79EFBC}") = "ProAppVisibilityModule", "ProAppVisibilityModule\ProAppVisibilityModule.csproj", "{4DE1A8A8-BCA3-40C7-8929-041023F2D3E6}"
EndProject
Project("{FAE04EC0-301F-11D3-BF4B-00C04F79EFBC}") = "VisibilityLibrary.Tests", "VisibilityLibrary.Tests\VisibilityLibrary.Tests.csproj", "{6ED31CCE-5012-4F6B-AC29-DC4607FB540E}"
EndProject
Global
	GlobalSection(SolutionConfigurationPlatforms) = preSolution
		Debug|Any CPU = Debug|Any CPU
		Release|Any CPU = Release|Any CPU
	EndGlobalSection
	GlobalSection(ProjectConfigurationPlatforms) = postSolution
		{C37767BB-18E6-4743-A5EC-1D7F2B38F487}.Debug|Any CPU.ActiveCfg = Debug|Any CPU
		{C37767BB-18E6-4743-A5EC-1D7F2B38F487}.Debug|Any CPU.Build.0 = Debug|Any CPU
		{C37767BB-18E6-4743-A5EC-1D7F2B38F487}.Release|Any CPU.ActiveCfg = Release|Any CPU
		{C37767BB-18E6-4743-A5EC-1D7F2B38F487}.Release|Any CPU.Build.0 = Release|Any CPU
		{D743CD02-174D-44CB-AE88-93C01D21F89E}.Debug|Any CPU.ActiveCfg = Debug|Any CPU
		{D743CD02-174D-44CB-AE88-93C01D21F89E}.Debug|Any CPU.Build.0 = Debug|Any CPU
		{D743CD02-174D-44CB-AE88-93C01D21F89E}.Release|Any CPU.ActiveCfg = Release|Any CPU
		{D743CD02-174D-44CB-AE88-93C01D21F89E}.Release|Any CPU.Build.0 = Release|Any CPU
		{4DE1A8A8-BCA3-40C7-8929-041023F2D3E6}.Debug|Any CPU.ActiveCfg = Debug|Any CPU
		{4DE1A8A8-BCA3-40C7-8929-041023F2D3E6}.Debug|Any CPU.Build.0 = Debug|Any CPU
		{4DE1A8A8-BCA3-40C7-8929-041023F2D3E6}.Release|Any CPU.ActiveCfg = Release|Any CPU
		{4DE1A8A8-BCA3-40C7-8929-041023F2D3E6}.Release|Any CPU.Build.0 = Release|Any CPU
		{6ED31CCE-5012-4F6B-AC29-DC4607FB540E}.Debug|Any CPU.ActiveCfg = Debug|Any CPU
		{6ED31CCE-5012-4F6B-AC29-DC4607FB540E}.Debug|Any CPU.Build.0 = Debug|Any CPU
		{6ED31CCE-5012-4F6B-AC29-DC4607FB540E}.Release|Any CPU.ActiveCfg = Release|Any CPU
		{6ED31CCE-5012-4F6B-AC29-DC4607FB540E}.Release|Any CPU.Build.0 = Release|Any CPU
	EndGlobalSection
	GlobalSection(SolutionProperties) = preSolution
		HideSolutionNode = FALSE
	EndGlobalSection
EndGlobal
